schema: '2.0'
stages:
  data_ingestion:
    cmd: python src/data_ingestion.py
    deps:
    - path: src/data_ingestion.py
      hash: md5
      md5: 3d4245f929970a52c0ba54cca241e639
      size: 3620
    params:
      params.yaml:
        data_ingestion.test_size: 0.1
    outs:
    - path: data/raw
      hash: md5
      md5: 9097e041a34df9054caed15688df1464.dir
      size: 484846
      nfiles: 2
  data_preprocessing:
    cmd: python src/pre_processing.py
    deps:
    - path: data/raw
      hash: md5
      md5: 9097e041a34df9054caed15688df1464.dir
      size: 484846
      nfiles: 2
    - path: src/pre_processing.py
      hash: md5
      md5: 9d1d25c0c43901ad482f075a8aa0128e
      size: 4007
    outs:
    - path: data/interim
      hash: md5
      md5: 372e18bfa771372d41b683bc64b32377.dir
      size: 257605
      nfiles: 2
  feature_engineering:
    cmd: python src/feature_engineering.py
    deps:
    - path: data/interim
      hash: md5
      md5: 372e18bfa771372d41b683bc64b32377.dir
      size: 257605
      nfiles: 2
    - path: src/feature_engineering.py
      hash: md5
      md5: 1fd080e86c937a8f99b8ae539d0fad62
      size: 3802
    params:
      params.yaml:
        feature_engineering.max_features: 90
    outs:
    - path: data/processed
      hash: md5
      md5: ae1e2bf53a532f18741fe835414cbeed.dir
      size: 2067853
      nfiles: 2
  model_building:
    cmd: python src/model_building.py
    deps:
    - path: data/processed
      hash: md5
      md5: ae1e2bf53a532f18741fe835414cbeed.dir
      size: 2067853
      nfiles: 2
    - path: src/model_building.py
      hash: md5
      md5: 4fff7de9afd4bafb063a702f78ee6d1b
      size: 4440
    params:
      params.yaml:
        model_building.n_estimators: 25
        model_building.random_state: 42
    outs:
    - path: models/model.pkl
      hash: md5
      md5: ae717dd849e77464cb8ac34eeb401129
      size: 1479611
  model_evaluation:
    cmd: python src/model_evaluation.py
    deps:
    - path: models/model.pkl
      hash: md5
      md5: ae717dd849e77464cb8ac34eeb401129
      size: 1479611
    - path: src/model_evaluation.py
      hash: md5
      md5: 76e599ee13d12c847e14e16470e94675
      size: 4589
    outs:
    - path: reports/metrics.json
      hash: md5
      md5: 3547e735fbdf4913508324ef4cecc4e0
      size: 145
